
Microsoft Visual Studio Solution File, Format Version 12.00
# Visual Studio Version 16
VisualStudioVersion = 16.0.31005.135
MinimumVisualStudioVersion = 10.0.40219.1
Project("{FAE04EC0-301F-11D3-BF4B-00C04F79EFBC}") = "DEMOSBOEV", "DEMOSBOEV\DEMOSBOEV.csproj", "{C08054FC-68B5-46B3-AA44-44F9ACCBEDD5}"
EndProject
Global
	GlobalSection(SolutionConfigurationPlatforms) = preSolution
		Debug|Any CPU = Debug|Any CPU
		Release|Any CPU = Release|Any CPU
	EndGlobalSection
	GlobalSection(ProjectConfigurationPlatforms) = postSolution
		{C08054FC-68B5-46B3-AA44-44F9ACCBEDD5}.Debug|Any CPU.ActiveCfg = Debug|Any CPU
		{C08054FC-68B5-46B3-AA44-44F9ACCBEDD5}.Debug|Any CPU.Build.0 = Debug|Any CPU
		{C08054FC-68B5-46B3-AA44-44F9ACCBEDD5}.Release|Any CPU.ActiveCfg = Release|Any CPU
		{C08054FC-68B5-46B3-AA44-44F9ACCBEDD5}.Release|Any CPU.Build.0 = Release|Any CPU
	EndGlobalSection
	GlobalSection(SolutionProperties) = preSolution
		HideSolutionNode = FALSE
	EndGlobalSection
	GlobalSection(ExtensibilityGlobals) = postSolution
		SolutionGuid = {70E15B2A-FF07-4697-8466-48C6FFDD683F}
	EndGlobalSection
EndGlobal
